
Microsoft Visual Studio Solution File, Format Version 12.00
# Visual Studio Version 17
VisualStudioVersion = 17.1.32319.34
MinimumVisualStudioVersion = 10.0.40219.1
Project("{FAE04EC0-301F-11D3-BF4B-00C04F79EFBC}") = "File_Analysis", "File_Analysis\File_Analysis.csproj", "{F250B858-8FCE-49DA-8C95-75D44F0B0209}"
EndProject
Global
	GlobalSection(SolutionConfigurationPlatforms) = preSolution
		Debug|Any CPU = Debug|Any CPU
		Release|Any CPU = Release|Any CPU
	EndGlobalSection
	GlobalSection(ProjectConfigurationPlatforms) = postSolution
		{F250B858-8FCE-49DA-8C95-75D44F0B0209}.Debug|Any CPU.ActiveCfg = Debug|Any CPU
		{F250B858-8FCE-49DA-8C95-75D44F0B0209}.Debug|Any CPU.Build.0 = Debug|Any CPU
		{F250B858-8FCE-49DA-8C95-75D44F0B0209}.Release|Any CPU.ActiveCfg = Release|Any CPU
		{F250B858-8FCE-49DA-8C95-75D44F0B0209}.Release|Any CPU.Build.0 = Release|Any CPU
	EndGlobalSection
	GlobalSection(SolutionProperties) = preSolution
		HideSolutionNode = FALSE
	EndGlobalSection
	GlobalSection(ExtensibilityGlobals) = postSolution
		SolutionGuid = {FE5E73CB-6378-4C06-883F-0E44404AFEA5}
	EndGlobalSection
EndGlobal
